#MicroXplorer Configuration settings - do not modify
PA11.GPIO_Speed=GPIO_SPEED_FREQ_VERY_HIGH
PC7.GPIOParameters=GPIO_Speed,GPIO_PuPd,GPIO_Mode
PD14.GPIO_ModeDefaultOutputPP=GPIO_MODE_OUTPUT_PP
PC10.GPIO_PuPd=GPIO_NOPULL
SPI1.VirtualType=VM_MASTER
PB10.GPIO_PuPd=GPIO_NOPULL
PB10.Mode=Full_Duplex_Master
PC12.Locked=true
PA10.GPIO_PuPd=GPIO_NOPULL
RCC.PLLCLKFreq_Value=96000000
PC12.Signal=I2S3_SD
RCC.PLLQCLKFreq_Value=48000000
PC7.Locked=true
I2S3.IPParameters=AudioFreq,ErrorAudioFreq,RealAudioFreq,Instance,VirtualMode,FullDuplexMode
USB_HOST0.BSP.condition=
PC3.Locked=true
RCC.RTCFreq_Value=32000
PC0.GPIO_ModeDefaultOutputPP=GPIO_MODE_OUTPUT_PP
PD4.Locked=true
PA2.GPIOParameters=GPIO_Label
PinOutPanel.RotationAngle=0
PC3.GPIO_Speed=GPIO_SPEED_FREQ_LOW
RCC.SYSCLKSource=RCC_SYSCLKSOURCE_PLLCLK
PA6.GPIO_Mode=GPIO_MODE_AF_PP
NVIC.SVCall_IRQn=true\:0\:0\:false\:false\:true\:true\:false
PD14.GPIO_Speed=GPIO_SPEED_FREQ_LOW
PD15.GPIOParameters=GPIO_Speed,PinState,GPIO_PuPd,GPIO_ModeDefaultOutputPP
PA4.Mode=Half_Duplex_Master
SPI1.Direction=SPI_DIRECTION_2LINES
TIM2.IPParameters=Period,Prescaler
PD4.Signal=GPIO_Output
RCC.APB2TimFreq_Value=96000000
PB6.Signal=I2C1_SCL
PC7.Signal=I2S3_MCK
USB_HOST0.BSP.component=
PB6.Mode=I2C
SPI1.CalculateBaudRate=48.0 MBits/s
PC3.Signal=I2S2_SD
VP_TIM2_VS_ClockSourceINT.Signal=TIM2_VS_ClockSourceINT
PE5.Signal=GPXTI5
PE1.Signal=GPXTI1
ProjectManager.ProjectBuild=false
NVIC.UsageFault_IRQn=true\:0\:0\:false\:false\:true\:true\:false
USB_OTG_FS.phy_itface=HCD_PHY_EMBEDDED
PA4.Locked=true
ProjectManager.FirmwarePackage=STM32Cube FW_F4 V1.25.2
MxDb.Version=DB.6.0.0
I2S3.ErrorAudioFreq=-6.99 %
ProjectManager.BackupPrevious=false
SH.ADCx_IN1.ConfNb=1
PA5.GPIO_PuPd=GPIO_NOPULL
PD5.GPIO_Mode=GPIO_MODE_INPUT
PD4.GPIO_ModeDefaultOutputPP=GPIO_MODE_OUTPUT_PP
PE2.Signal=GPIO_Input
I2S2.IPParameters=FullDuplexMode,ErrorAudioFreq,RealAudioFreq,AudioFreq,Instance,VirtualMode
PD14.GPIO_PuPd=GPIO_NOPULL
PE1.Locked=true
PB6.Locked=true
NVIC.PendSV_IRQn=true\:0\:0\:false\:false\:true\:true\:false
PB6.GPIO_PuPdOD=GPIO_PULLUP
ProjectManager.HalAssertFull=false
ADC1.SamplingTime-0\#ChannelRegularConversion=ADC_SAMPLETIME_3CYCLES
RCC.MCO2PinFreq_Value=96000000
PE2.GPIO_Mode=GPIO_MODE_INPUT
Mcu.Package=LQFP100
PB9.Signal=I2C1_SDA
TIM2.Prescaler=720
PA5.Locked=true
PD12.Signal=GPIO_Output
PD5.GPIOParameters=GPIO_PuPd,GPIO_Mode
PA14.Locked=true
VP_SYS_VS_Systick.Signal=SYS_VS_Systick
PA10.Signal=USB_OTG_FS_ID
PB9.GPIO_PuPd=GPIO_NOPULL
PA5.GPIOParameters=GPIO_Speed,GPIO_PuPd,GPIO_Mode
RCC.APB1TimFreq_Value=48000000
NVIC.BusFault_IRQn=true\:0\:0\:false\:false\:true\:true\:false
USB_OTG_FS.IPParameters=phy_itface,VirtualMode
PB10.GPIOParameters=GPIO_Speed,GPIO_PuPd,GPIO_Mode
PC12.GPIO_PuPd=GPIO_NOPULL
PA6.GPIO_Speed=GPIO_SPEED_FREQ_VERY_HIGH
PA12.GPIO_PuPd=GPIO_NOPULL
PD5.Locked=true
PD15.Signal=GPIO_Output
ProjectManager.CustomerFirmwarePackage=
PC0.PinState=GPIO_PIN_RESET
PA5.Mode=Full_Duplex_Master
PD12.PinState=GPIO_PIN_RESET
PA6.GPIOParameters=GPIO_Speed,GPIO_PuPd,GPIO_Mode
I2S2.AudioFreq=I2S_AUDIOFREQ_96K
I2S3.FullDuplexMode=I2S_FULLDUPLEXMODE_DISABLE
ProjectManager.ProjectFileName=stuff_adc.ioc
Mcu.PinsNb=42
ADC1.IPParameters=master,NbrOfConversionFlag,Channel-0\#ChannelRegularConversion,ContinuousConvMode,SamplingTime-0\#ChannelRegularConversion,ExternalTrigConv
PB6.GPIO_PuPd=GPIO_NOPULL
PH1\ -\ OSC_OUT.Mode=HSE-External-Clock-Source
PC2.Signal=I2S2_ext_SD
PD13.GPIOParameters=GPIO_Speed,PinState,GPIO_PuPd,GPIO_ModeDefaultOutputPP
SH.GPXTI0.ConfNb=1
PE1.GPIO_PuPd=GPIO_NOPULL
PC0.Signal=GPIO_Output
RCC.APB1CLKDivider=RCC_HCLK_DIV4
PC14-OSC32_IN.Signal=RCC_OSC32_IN
PH1\ -\ OSC_OUT.Locked=true
PA0-WKUP.GPIO_ModeDefaultEXTI=GPIO_MODE_IT_RISING
PA0-WKUP.Signal=GPXTI0
USB_HOST0.BSP.semaphore=
PC3.GPIOParameters=GPIO_Speed,GPIO_PuPd,GPIO_Mode
USB_HOST0.BSP.STBoard=false
PD4.PinState=GPIO_PIN_RESET
PC10.GPIO_Mode=GPIO_MODE_AF_PP
PA11.Locked=true
PB10.GPIO_Mode=GPIO_MODE_AF_PP
PC15-OSC32_OUT.Locked=true
PE5.GPIO_ModeDefaultEXTI=GPIO_MODE_IT_RISING
PA9.Signal=USB_OTG_FS_VBUS
I2S2.VirtualMode=I2S_MODE_MASTER
PB9.Locked=true
I2S3.VirtualMode=I2S_MODE_MASTER
RCC.VCOInputMFreq_Value=1600000
PC7.GPIO_PuPd=GPIO_NOPULL
PB10.Signal=I2S2_CK
PE2.GPIO_PuPd=GPIO_NOPULL
PA5.Signal=SPI1_SCK
Mcu.Pin40=VP_TIM2_VS_ClockSourceINT
Mcu.Pin41=VP_USB_HOST_VS_USB_HOST_CDC_FS
I2S3.AudioFreq=I2S_AUDIOFREQ_96K
PD14.PinState=GPIO_PIN_RESET
PC12.Mode=Half_Duplex_Master
PH1\ -\ OSC_OUT.Signal=RCC_OSC_OUT
ProjectManager.LastFirmware=true
USB_HOST.VirtualModeFS=Cdc
PA7.GPIO_Speed=GPIO_SPEED_FREQ_VERY_HIGH
Mcu.Pin37=PB9
Mcu.Pin38=PE1
Mcu.Pin35=PB3
Mcu.Pin36=PB6
SPI1.Mode=SPI_MODE_MASTER
PD4.GPIO_Speed=GPIO_SPEED_FREQ_LOW
Mcu.Pin39=VP_SYS_VS_Systick
Mcu.Pin30=PA14
RCC.EthernetFreq_Value=96000000
Mcu.Pin33=PD4
PE3.GPIO_PuPd=GPIO_NOPULL
Mcu.Pin34=PD5
Mcu.Pin31=PC10
Mcu.Pin32=PC12
PA9.Locked=true
NVIC.NonMaskableInt_IRQn=true\:0\:0\:false\:false\:true\:true\:false
PC10.GPIOParameters=GPIO_Speed,GPIO_PuPd,GPIO_Mode
TIM2.Period=100000
PA13.Mode=Serial_Wire
ProjectManager.FreePins=false
Mcu.Pin26=PA10
Mcu.Pin27=PA11
RCC.RTCHSEDivFreq_Value=4000000
Mcu.Pin24=PC7
ProjectManager.UnderRoot=true
PE4.GPIO_PuPd=GPIO_NOPULL
Mcu.Pin25=PA9
I2S2.FullDuplexMode=I2S_FULLDUPLEXMODE_ENABLE
ADC1.ExternalTrigConv=ADC_SOFTWARE_START
Mcu.Pin28=PA12
Mcu.Pin29=PA13
PD14.GPIOParameters=GPIO_Speed,PinState,GPIO_PuPd,GPIO_ModeDefaultOutputPP
PA4.Signal=I2S3_WS
Mcu.Pin22=PD14
PC12.GPIO_Mode=GPIO_MODE_AF_PP
Mcu.Pin23=PD15
Mcu.Pin20=PD12
ADC1.master=1
Mcu.Pin21=PD13
PA10.Locked=true
NVIC.ForceEnableDMAVector=true
PE3.GPIO_ModeDefaultOutputPP=GPIO_MODE_OUTPUT_PP
PE3.GPIO_Speed=GPIO_SPEED_FREQ_LOW
PD15.GPIO_ModeDefaultOutputPP=GPIO_MODE_OUTPUT_PP
NVIC.MemoryManagement_IRQn=true\:0\:0\:false\:false\:true\:true\:false
ProjectManager.CompilerOptimize=6
PD15.Locked=true
PA11.Signal=USB_OTG_FS_DM
ProjectManager.HeapSize=0x200
Mcu.Pin15=PA5
NVIC.HardFault_IRQn=true\:0\:0\:false\:false\:true\:true\:false
Mcu.Pin16=PA6
Mcu.Pin13=PA2
Mcu.Pin14=PA4
Mcu.Pin19=PB12
ProjectManager.ComputerToolchain=false
Mcu.Pin17=PA7
Mcu.Pin18=PB10
USB_HOST.USBH_HandleTypeDef=hUsbHostFS
NVIC.PriorityGroup=NVIC_PRIORITYGROUP_0
Mcu.Pin11=PA0-WKUP
Mcu.Pin12=PA1
Mcu.Pin10=PC3
PE2.Locked=true
PE3.Signal=GPIO_Output
PA0-WKUP.GPIO_PuPd=GPIO_NOPULL
I2S3.Instance=SPI$Index
PB6.GPIO_Speed=GPIO_SPEED_FREQ_VERY_HIGH
SH.GPXTI1.ConfNb=1
USB_HOST0.BSP.mode=Output
PA7.GPIOParameters=GPIO_Speed,GPIO_PuPd,GPIO_Mode
PC0.Locked=true
Mcu.Family=STM32F4
PC3.Mode=Full_Duplex_Master
SH.GPXTI1.0=GPIO_EXTI1
ProjectManager.MainLocation=Core/Src
PC3.GPIO_Mode=GPIO_MODE_AF_PP
PA6.Mode=Full_Duplex_Master
RCC.CortexFreq_Value=96000000
ProjectManager.KeepUserCode=true
PB10.GPIO_Speed=GPIO_SPEED_FREQ_LOW
Mcu.UserName=STM32F411VETx
PB6.GPIO_Mode=GPIO_MODE_AF_OD
ADC1.ContinuousConvMode=DISABLE
PC10.Locked=true
PD15.GPIO_Speed=GPIO_SPEED_FREQ_LOW
PC10.Signal=I2S3_CK
PA7.GPIO_Mode=GPIO_MODE_AF_PP
PA12.GPIOParameters=GPIO_Speed,GPIO_PuPd,GPIO_Mode
ProjectManager.functionlistsort=1-MX_GPIO_Init-GPIO-false-HAL-true,2-SystemClock_Config-RCC-false-HAL-false,3-MX_ADC1_Init-ADC1-false-HAL-true,4-MX_I2C1_Init-I2C1-false-HAL-true,5-MX_I2S2_Init-I2S2-false-HAL-true,6-MX_I2S3_Init-I2S3-false-HAL-true,7-MX_SPI1_Init-SPI1-false-HAL-true,8-MX_USB_HOST_Init-USB_HOST-false-HAL-false,9-MX_TIM2_Init-TIM2-false-HAL-true
PC0.GPIOParameters=GPIO_Speed,PinState,GPIO_PuPd,GPIO_ModeDefaultOutputPP
PA9.GPIOParameters=GPIO_PuPd,GPIO_Mode
PA11.GPIOParameters=GPIO_Speed,GPIO_PuPd,GPIO_Mode
PA11.Mode=Host_Only
PC10.GPIO_Speed=GPIO_SPEED_FREQ_LOW
PA11.GPIO_PuPd=GPIO_NOPULL
PE5.GPIOParameters=GPIO_PuPd,GPIO_ModeDefaultEXTI
ProjectManager.StackSize=0x400
PD13.Signal=GPIO_Output
Mcu.IP4=NVIC
Mcu.IP5=RCC
RCC.FCLKCortexFreq_Value=96000000
Mcu.IP2=I2S2
PD13.Locked=true
NVIC.ADC_IRQn=true\:0\:0\:false\:false\:true\:true\:true
Mcu.IP3=I2S3
Mcu.IP0=ADC1
PA12.Locked=true
Mcu.IP1=I2C1
PA12.Signal=USB_OTG_FS_DP
PE4.GPIOParameters=GPIO_PuPd,GPIO_ModeDefaultEXTI
Mcu.UserConstants=
PH0\ -\ OSC_IN.Signal=RCC_OSC_IN
PE5.GPIO_PuPd=GPIO_NOPULL
PH0\ -\ OSC_IN.Locked=true
Mcu.ThirdPartyNb=0
RCC.HCLKFreq_Value=96000000
RCC.I2SClocksFreq_Value=160000000
Mcu.IPNb=11
ProjectManager.PreviousToolchain=STM32CubeIDE
RCC.VcooutputI2S=160000000
Mcu.Pin6=PH0 - OSC_IN
Mcu.Pin7=PH1 - OSC_OUT
Mcu.Pin8=PC0
Mcu.Pin9=PC2
USB_HOST0.BSP.ip=GPIO
RCC.AHBFreq_Value=96000000
PE3.PinState=GPIO_PIN_RESET
Mcu.Pin0=PE2
Mcu.Pin1=PE3
Mcu.Pin2=PE4
PA9.GPIO_Mode=GPIO_MODE_INPUT
Mcu.Pin3=PE5
Mcu.Pin4=PC14-OSC32_IN
PA0-WKUP.GPIOParameters=GPIO_PuPd,GPIO_ModeDefaultEXTI
Mcu.Pin5=PC15-OSC32_OUT
ADC1.Channel-0\#ChannelRegularConversion=ADC_CHANNEL_1
RCC.HSE_VALUE=8000000
NVIC.DebugMonitor_IRQn=true\:0\:0\:false\:false\:true\:true\:false
PA4.GPIO_PuPd=GPIO_NOPULL
Mcu.IP10=USB_OTG_FS
NVIC.SysTick_IRQn=true\:0\:0\:true\:false\:true\:true\:true
PD15.PinState=GPIO_PIN_RESET
PA4.GPIO_Speed=GPIO_SPEED_FREQ_LOW
PA6.GPIO_PuPd=GPIO_NOPULL
PC14-OSC32_IN.Mode=LSE-External-Oscillator
RCC.VCOInputFreq_Value=2000000
PA14.Mode=Serial_Wire
File.Version=6
PC7.GPIO_Mode=GPIO_MODE_AF_PP
PE3.GPIOParameters=GPIO_Speed,PinState,GPIO_PuPd,GPIO_ModeDefaultOutputPP
PD12.GPIO_ModeDefaultOutputPP=GPIO_MODE_OUTPUT_PP
PE3.Locked=true
USB_HOST0.BSP.i2creg=0
PE4.Signal=GPXTI4
PB6.GPIOParameters=GPIO_Speed,GPIO_PuPdOD,GPIO_PuPd,GPIO_Mode
ProjectManager.ProjectName=stuff_adc
USB_HOST0.BSP.i2caddr=0
PA6.Signal=SPI1_MISO
PB12.Mode=Full_Duplex_Master
PA7.Locked=true
NVIC.OTG_FS_IRQn=true\:0\:0\:false\:false\:true\:true\:true
ProjectManager.ToolChainLocation=
PD15.GPIO_PuPd=GPIO_NOPULL
PD14.Locked=true
PA2.GPIO_Label=RELAY
RCC.LSI_VALUE=32000
SH.GPXTI0.0=GPIO_EXTI0
SH.GPXTI5.ConfNb=1
USB_OTG_FS.VirtualMode=Host_Only
PA10.GPIO_Speed=GPIO_SPEED_FREQ_VERY_HIGH
USB_HOST0.BSP.name=Drive_VBUS_FS
SH.ADCx_IN1.0=ADC1_IN1,IN1
PB9.GPIO_Speed=GPIO_SPEED_FREQ_VERY_HIGH
PC0.GPIO_PuPd=GPIO_NOPULL
SPI1.BaudRatePrescaler=SPI_BAUDRATEPRESCALER_2
PC14-OSC32_IN.Locked=true
PA12.GPIO_Speed=GPIO_SPEED_FREQ_VERY_HIGH
PB3.Locked=true
PA2.Locked=true
PC15-OSC32_OUT.Mode=LSE-External-Oscillator
USB_HOST.IPParameters=VirtualModeFS,USBH_HandleTypeDef
SH.GPXTI5.0=GPIO_EXTI5
PD12.GPIO_Speed=GPIO_SPEED_FREQ_LOW
PA7.Mode=Full_Duplex_Master
I2S2.Instance=SPI$Index
ProjectManager.NoMain=false
SPI1.IPParameters=CalculateBaudRate,BaudRatePrescaler,Mode,VirtualType,Direction
USB_HOST0.BSP.solution=PC0
PC10.Mode=Half_Duplex_Master
USB_HOST.BSP.number=1
PE4.GPIO_ModeDefaultEXTI=GPIO_MODE_IT_RISING
ProjectManager.DefaultFWLocation=true
PC2.Mode=Full_Duplex_Master
PD5.Signal=GPIO_Input
PB12.Locked=true
ProjectManager.DeletePrevious=true
PE1.GPIO_ModeDefaultEXTI=GPIO_MODE_IT_RISING
PB10.Locked=true
boardIOC=true
PA9.GPIO_PuPd=GPIO_NOPULL
RCC.FamilyName=M
PA0-WKUP.Locked=true
PB9.GPIOParameters=GPIO_Speed,GPIO_PuPdOD,GPIO_PuPd,GPIO_Mode
PA10.GPIO_Mode=GPIO_MODE_AF_PP
PD12.Locked=true
PC12.GPIOParameters=GPIO_Speed,GPIO_PuPd,GPIO_Mode
PA13.Signal=SYS_JTMS-SWDIO
PD4.GPIO_PuPd=GPIO_NOPULL
PA9.Mode=Activate_VBUS
PH0\ -\ OSC_IN.Mode=HSE-External-Clock-Source
PC0.GPIO_Speed=GPIO_SPEED_FREQ_LOW
PD12.GPIOParameters=GPIO_Speed,PinState,GPIO_PuPd,GPIO_ModeDefaultOutputPP
ProjectManager.TargetToolchain=STM32CubeIDE
PB9.Mode=I2C
PE4.Locked=true
PE2.GPIOParameters=GPIO_PuPd,GPIO_Mode
ProjectManager.RegisterCallBack=
PC15-OSC32_OUT.Signal=RCC_OSC32_OUT
PA1.Signal=ADCx_IN1
PA7.GPIO_PuPd=GPIO_NOPULL
RCC.VCOI2SOutputFreq_Value=320000000
board=STM32F411E-DISCO
PD13.GPIO_Speed=GPIO_SPEED_FREQ_LOW
PC7.GPIO_Speed=GPIO_SPEED_FREQ_LOW
RCC.VCOOutputFreq_Value=384000000
PB9.GPIO_Mode=GPIO_MODE_AF_OD
PA12.GPIO_Mode=GPIO_MODE_AF_PP
PA4.GPIO_Mode=GPIO_MODE_AF_PP
RCC.APB2Freq_Value=96000000
USB_HOST0.BSP.api=Unknown
MxCube.Version=6.0.1
VP_TIM2_VS_ClockSourceINT.Mode=Internal
VP_SYS_VS_Systick.Mode=SysTick
PD4.GPIOParameters=GPIO_Speed,PinState,GPIO_PuPd,GPIO_ModeDefaultOutputPP
PA10.GPIOParameters=GPIO_Speed,GPIO_PuPd,GPIO_Mode
PD13.GPIO_PuPd=GPIO_NOPULL
PD5.GPIO_PuPd=GPIO_NOPULL
PA4.GPIOParameters=GPIO_Speed,GPIO_PuPd,GPIO_Mode
PE5.Locked=true
RCC.IPParameters=48MHZClocksFreq_Value,AHBFreq_Value,APB1CLKDivider,APB1Freq_Value,APB1TimFreq_Value,APB2Freq_Value,APB2TimFreq_Value,CortexFreq_Value,EthernetFreq_Value,FCLKCortexFreq_Value,FamilyName,HCLKFreq_Value,HSE_VALUE,HSI_VALUE,I2SClocksFreq_Value,LSI_VALUE,MCO2PinFreq_Value,PLLCLKFreq_Value,PLLI2SM,PLLI2SN,PLLM,PLLP,PLLQ,PLLQCLKFreq_Value,RTCFreq_Value,RTCHSEDivFreq_Value,SYSCLKFreq_VALUE,SYSCLKSource,VCOI2SOutputFreq_Value,VCOInputFreq_Value,VCOInputMFreq_Value,VCOOutputFreq_Value,VcooutputI2S
ProjectManager.AskForMigrate=true
Mcu.Name=STM32F411V(C-E)Tx
PA2.Signal=GPIO_Output
Mcu.IP8=TIM2
Mcu.IP9=USB_HOST
PD14.Signal=GPIO_Output
Mcu.IP6=SPI1
Mcu.IP7=SYS
ProjectManager.CoupleFile=false
RCC.48MHZClocksFreq_Value=48000000
PB3.Signal=SYS_JTDO-SWO
RCC.SYSCLKFreq_VALUE=96000000
VP_USB_HOST_VS_USB_HOST_CDC_FS.Signal=USB_HOST_VS_USB_HOST_CDC_FS
SH.GPXTI4.0=GPIO_EXTI4
PA12.Mode=Host_Only
I2S2.ErrorAudioFreq=0.15 %
KeepUserPlacement=false
VP_USB_HOST_VS_USB_HOST_CDC_FS.Mode=CDC_FS
PD13.GPIO_ModeDefaultOutputPP=GPIO_MODE_OUTPUT_PP
PA13.Locked=true
PA14.Signal=SYS_JTCK-SWCLK
SH.GPXTI4.ConfNb=1
PB9.GPIO_PuPdOD=GPIO_PULLUP
RCC.HSI_VALUE=16000000
RCC.PLLP=RCC_PLLP_DIV4
PA5.GPIO_Speed=GPIO_SPEED_FREQ_VERY_HIGH
RCC.PLLQ=8
ADC1.NbrOfConversionFlag=1
I2S3.RealAudioFreq=89.285 KHz
RCC.PLLM=4
PD13.PinState=GPIO_PIN_RESET
PC7.Mode=Master_Clock_Activated
PA11.GPIO_Mode=GPIO_MODE_AF_PP
RCC.APB1Freq_Value=24000000
PA5.GPIO_Mode=GPIO_MODE_AF_PP
PC12.GPIO_Speed=GPIO_SPEED_FREQ_LOW
I2S2.RealAudioFreq=96.153 KHz
RCC.PLLI2SN=200
ProjectManager.DeviceId=STM32F411VETx
PB12.Signal=I2S2_WS
ProjectManager.LibraryCopy=1
PC3.GPIO_PuPd=GPIO_NOPULL
PD12.GPIO_PuPd=GPIO_NOPULL
PE1.GPIOParameters=GPIO_PuPd,GPIO_ModeDefaultEXTI
RCC.PLLI2SM=5
PA7.Signal=SPI1_MOSI
USB_HOST0.BSP.instance=PC0
PA6.Locked=true
